
Microsoft Visual Studio Solution File, Format Version 12.00
# Visual Studio 15
VisualStudioVersion = 15.0.27004.2005
MinimumVisualStudioVersion = 10.0.40219.1
Project("{9A19103F-16F7-4668-BE54-9A1E7A4F7556}") = "XC.Common", "src\XC.Common\XC.Common.csproj", "{DAAB61CF-5585-42D3-866E-F9400C7F4404}"
EndProject
Project("{2150E333-8FDC-42A3-9474-1A3956D46DE8}") = "Src", "Src", "{5530761F-B955-41B2-B351-F0912968414F}"
EndProject
Project("{2150E333-8FDC-42A3-9474-1A3956D46DE8}") = "test", "test", "{D77F01AF-22C9-46A8-922D-669ACE6FAA8A}"
EndProject
Project("{FAE04EC0-301F-11D3-BF4B-00C04F79EFBC}") = "XC.Common.UnitTest", "test\XC.Common.UnitTest\XC.Common.UnitTest.csproj", "{C3E645FC-4B9D-4243-AEF4-A92FF4C25A84}"
EndProject
Global
	GlobalSection(SolutionConfigurationPlatforms) = preSolution
		Debug|Any CPU = Debug|Any CPU
		Release|Any CPU = Release|Any CPU
	EndGlobalSection
	GlobalSection(ProjectConfigurationPlatforms) = postSolution
		{DAAB61CF-5585-42D3-866E-F9400C7F4404}.Debug|Any CPU.ActiveCfg = Debug|Any CPU
		{DAAB61CF-5585-42D3-866E-F9400C7F4404}.Debug|Any CPU.Build.0 = Debug|Any CPU
		{DAAB61CF-5585-42D3-866E-F9400C7F4404}.Release|Any CPU.ActiveCfg = Release|Any CPU
		{DAAB61CF-5585-42D3-866E-F9400C7F4404}.Release|Any CPU.Build.0 = Release|Any CPU
		{C3E645FC-4B9D-4243-AEF4-A92FF4C25A84}.Debug|Any CPU.ActiveCfg = Debug|Any CPU
		{C3E645FC-4B9D-4243-AEF4-A92FF4C25A84}.Debug|Any CPU.Build.0 = Debug|Any CPU
		{C3E645FC-4B9D-4243-AEF4-A92FF4C25A84}.Release|Any CPU.ActiveCfg = Release|Any CPU
		{C3E645FC-4B9D-4243-AEF4-A92FF4C25A84}.Release|Any CPU.Build.0 = Release|Any CPU
	EndGlobalSection
	GlobalSection(SolutionProperties) = preSolution
		HideSolutionNode = FALSE
	EndGlobalSection
	GlobalSection(NestedProjects) = preSolution
		{DAAB61CF-5585-42D3-866E-F9400C7F4404} = {5530761F-B955-41B2-B351-F0912968414F}
		{C3E645FC-4B9D-4243-AEF4-A92FF4C25A84} = {D77F01AF-22C9-46A8-922D-669ACE6FAA8A}
	EndGlobalSection
	GlobalSection(ExtensibilityGlobals) = postSolution
		SolutionGuid = {09208D93-F768-4A43-9CC3-27A7AFA690C6}
	EndGlobalSection
EndGlobal
